// !$*UTF8*$!
{
	archiveVersion = 1;
	classes = {
	};
	objectVersion = 46;
	objects = {

/* Begin PBXContainerItemProxy section */
		6215565A17831212009FC5DC /* PBXContainerItemProxy */ = {
			isa = PBXContainerItemProxy;
			containerPortal = 6215565617831211009FC5DC /* MethodTest.xcodeproj */;
			proxyType = 2;
			remoteGlobalIDString = 6215563617831211009FC5DC;
			remoteInfo = MethodTest;
		};
/* End PBXContainerItemProxy section */

/* Begin PBXFileReference section */
		6215565617831211009FC5DC /* MethodTest.xcodeproj */ = {isa = PBXFileReference; lastKnownFileType = "wrapper.pb-project"; name = MethodTest.xcodeproj; path = MethodTest/MethodTest.xcodeproj; sourceTree = "<group>"; };
/* End PBXFileReference section */

/* Begin PBXGroup section */
		62155626178311A6009FC5DC = {
			isa = PBXGroup;
			children = (
				6215565617831211009FC5DC /* MethodTest.xcodeproj */,
			);
			sourceTree = "<group>";
		};
		6215565717831211009FC5DC /* Products */ = {
			isa = PBXGroup;
			children = (
				6215565B17831212009FC5DC /* MethodTest.app */,
			);
			name = Products;
			sourceTree = "<group>";
		};
/* End PBXGroup section */

/* Begin PBXProject section */
		62155627178311A6009FC5DC /* Project object */ = {
			isa = PBXProject;
			attributes = {
				LastUpgradeCheck = 0460;
			};
			buildConfigurationList = 6215562A178311A6009FC5DC /* Build configuration list for PBXProject "project" */;
			compatibilityVersion = "Xcode 3.2";
			developmentRegion = English;
			hasScannedForEncodings = 0;
			knownRegions = (
				en,
			);
			mainGroup = 62155626178311A6009FC5DC;
			projectDirPath = "";
			projectReferences = (
				{
					ProductGroup = 6215565717831211009FC5DC /* Products */;
					ProjectRef = 6215565617831211009FC5DC /* MethodTest.xcodeproj */;
				},
			);
			projectRoot = "";
			targets = (
			);
		};
/* End PBXProject section */

/* Begin PBXReferenceProxy section */
		6215565B17831212009FC5DC /* MethodTest.app */ = {
			isa = PBXReferenceProxy;
			fileType = wrapper.application;
			path = MethodTest.app;
			remoteRef = 6215565A17831212009FC5DC /* PBXContainerItemProxy */;
			sourceTree = BUILT_PRODUCTS_DIR;
		};
/* End PBXReferenceProxy section */

/* Begin XCBuildConfiguration section */
		6215562B178311A6009FC5DC /* Debug */ = {
			isa = XCBuildConfiguration;
			buildSettings = {
			};
			name = Debug;
		};
		6215562C178311A6009FC5DC /* Release */ = {
			isa = XCBuildConfiguration;
			buildSettings = {
			};
			name = Release;
		};
/* End XCBuildConfiguration section */

/* Begin XCConfigurationList section */
		6215562A178311A6009FC5DC /* Build configuration list for PBXProject "project" */ = {
			isa = XCConfigurationList;
			buildConfigurations = (
				6215562B178311A6009FC5DC /* Debug */,
				6215562C178311A6009FC5DC /* Release */,
			);
			defaultConfigurationIsVisible = 0;
			defaultConfigurationName = Release;
		};
/* End XCConfigurationList section */
	};
	rootObject = 62155627178311A6009FC5DC /* Project object */;
}
